{
  "object": {
    "pins": [
      {
        "package": "Just",
        "repositoryURL": "https://github.com/saeta/Just",
        "state": {
          "branch": null,
          "revision": "35dbe6823bf5f9b9bb996c1fe6c9ad9a4c59d821",
          "version": "0.7.3"
        }
      },
      {
        "package": "Path.swift",
        "repositoryURL": "https://github.com/mxcl/Path.swift",
        "state": {
          "branch": null,
          "revision": "dac007e907a4f4c565cfdc55a9ce148a761a11d5",
          "version": "0.16.3"
        }
      },
      {
        "package": "Swim",
        "repositoryURL": "https://github.com/t-ae/swim.git",
        "state": {
          "branch": null,
          "revision": "eb02e321e0c65237bb29dbd5991905069f69e3d5",
          "version": "3.3.2"
        }
      }
    ]
  },
  "version": 1
}
